{
	"name": "@dragunovartem99/flow",
	"version": "0.1.1",
	"lockfileVersion": 3,
	"requires": true,
	"packages": {
		"": {
			"name": "@dragunovartem99/flow",
			"version": "0.1.1",
			"license": "MIT",
			"bin": {
				"flow": "index.js"
			},
			"devDependencies": {
				"@dragunovartem99/prettier-config": "^1.2.0"
			}
		},
		"node_modules/@dragunovartem99/prettier-config": {
			"version": "1.2.2",
			"resolved": "https://registry.npmjs.org/@dragunovartem99/prettier-config/-/prettier-config-1.2.2.tgz",
			"integrity": "sha512-5y/8c6dIWSa2w35XxGEKheticordeGnwslHiWvLJOM9wtg/8c9Kc/wtSw/l0iUyRWoa0LewPVEHptirfeVKaCg==",
			"dev": true,
			"license": "MIT",
			"peerDependencies": {
				"prettier": ">=3.0.0"
			}
		},
		"node_modules/prettier": {
			"version": "3.5.3",
			"resolved": "https://registry.npmjs.org/prettier/-/prettier-3.5.3.tgz",
			"integrity": "sha512-QQtaxnoDJeAkDvDKWCLiwIXkTgRhwYDEQCghU9Z6q03iyek/rxRh/2lC3HB7P8sWT2xC/y5JDctPLBIGzHKbhw==",
			"dev": true,
			"license": "MIT",
			"peer": true,
			"bin": {
				"prettier": "bin/prettier.cjs"
			},
			"engines": {
				"node": ">=14"
			},
			"funding": {
				"url": "https://github.com/prettier/prettier?sponsor=1"
			}
		}
	}
}
